
Microsoft Visual Studio Solution File, Format Version 12.00
# Visual Studio 15
VisualStudioVersion = 15.0.28307.421
MinimumVisualStudioVersion = 10.0.40219.1
Project("{FAE04EC0-301F-11D3-BF4B-00C04F79EFBC}") = "Assignment1_S19", "Assignment1_S19\Assignment1_S19.csproj", "{7A17923F-C0B7-4CE6-B9A1-2A9D291E4872}"
EndProject
Global
	GlobalSection(SolutionConfigurationPlatforms) = preSolution
		Debug|Any CPU = Debug|Any CPU
		Release|Any CPU = Release|Any CPU
	EndGlobalSection
	GlobalSection(ProjectConfigurationPlatforms) = postSolution
		{7A17923F-C0B7-4CE6-B9A1-2A9D291E4872}.Debug|Any CPU.ActiveCfg = Debug|Any CPU
		{7A17923F-C0B7-4CE6-B9A1-2A9D291E4872}.Debug|Any CPU.Build.0 = Debug|Any CPU
		{7A17923F-C0B7-4CE6-B9A1-2A9D291E4872}.Release|Any CPU.ActiveCfg = Release|Any CPU
		{7A17923F-C0B7-4CE6-B9A1-2A9D291E4872}.Release|Any CPU.Build.0 = Release|Any CPU
	EndGlobalSection
	GlobalSection(SolutionProperties) = preSolution
		HideSolutionNode = FALSE
	EndGlobalSection
	GlobalSection(ExtensibilityGlobals) = postSolution
		SolutionGuid = {BAAA84EB-604A-4EB0-B7FF-2B2247D171DF}
	EndGlobalSection
EndGlobal
